
Microsoft Visual Studio Solution File, Format Version 12.00
# Visual Studio 2013
VisualStudioVersion = 12.0.30501.0
MinimumVisualStudioVersion = 10.0.40219.1
Project("{FAE04EC0-301F-11D3-BF4B-00C04F79EFBC}") = "ActorModel", "ActorModel\ActorModel.csproj", "{05A407B2-51F3-4860-AFFE-36E15F3D75DC}"
EndProject
Project("{2150E333-8FDC-42A3-9474-1A3956D46DE8}") = ".nuget", ".nuget", "{41DD2FE5-A592-44E7-BDC8-5B62069D83AE}"
	ProjectSection(SolutionItems) = preProject
		.nuget\NuGet.Config = .nuget\NuGet.Config
		.nuget\NuGet.exe = .nuget\NuGet.exe
		.nuget\NuGet.targets = .nuget\NuGet.targets
	EndProjectSection
EndProject
Project("{2150E333-8FDC-42A3-9474-1A3956D46DE8}") = "TcpClientSample", "TcpClientSample", "{A8265AA0-DCDD-471A-A98E-40B5B79AEF03}"
EndProject
Project("{FAE04EC0-301F-11D3-BF4B-00C04F79EFBC}") = "Server", "TcpClientSample\Server\Server.csproj", "{9F652E07-52EC-4DD8-8F11-395BC761C02E}"
EndProject
Project("{FAE04EC0-301F-11D3-BF4B-00C04F79EFBC}") = "Client2", "TcpClientSample\Client2\Client2.csproj", "{4E5FEF74-F2F3-4BB0-9BB7-3481D97AC783}"
EndProject
Project("{2150E333-8FDC-42A3-9474-1A3956D46DE8}") = "StressSample", "StressSample", "{7BC9073A-94BA-4ED4-87DB-DE60679CA7E2}"
EndProject
Project("{FAE04EC0-301F-11D3-BF4B-00C04F79EFBC}") = "Stress", "StressSample\Stress\Stress.csproj", "{C978B47B-F4EF-4425-A521-49B6E1112D05}"
EndProject
Global
	GlobalSection(SolutionConfigurationPlatforms) = preSolution
		Debug|Any CPU = Debug|Any CPU
		Release|Any CPU = Release|Any CPU
	EndGlobalSection
	GlobalSection(ProjectConfigurationPlatforms) = postSolution
		{05A407B2-51F3-4860-AFFE-36E15F3D75DC}.Debug|Any CPU.ActiveCfg = Debug|Any CPU
		{05A407B2-51F3-4860-AFFE-36E15F3D75DC}.Debug|Any CPU.Build.0 = Debug|Any CPU
		{05A407B2-51F3-4860-AFFE-36E15F3D75DC}.Release|Any CPU.ActiveCfg = Release|Any CPU
		{05A407B2-51F3-4860-AFFE-36E15F3D75DC}.Release|Any CPU.Build.0 = Release|Any CPU
		{9F652E07-52EC-4DD8-8F11-395BC761C02E}.Debug|Any CPU.ActiveCfg = Debug|Any CPU
		{9F652E07-52EC-4DD8-8F11-395BC761C02E}.Debug|Any CPU.Build.0 = Debug|Any CPU
		{9F652E07-52EC-4DD8-8F11-395BC761C02E}.Release|Any CPU.ActiveCfg = Release|Any CPU
		{9F652E07-52EC-4DD8-8F11-395BC761C02E}.Release|Any CPU.Build.0 = Release|Any CPU
		{4E5FEF74-F2F3-4BB0-9BB7-3481D97AC783}.Debug|Any CPU.ActiveCfg = Debug|Any CPU
		{4E5FEF74-F2F3-4BB0-9BB7-3481D97AC783}.Debug|Any CPU.Build.0 = Debug|Any CPU
		{4E5FEF74-F2F3-4BB0-9BB7-3481D97AC783}.Release|Any CPU.ActiveCfg = Release|Any CPU
		{4E5FEF74-F2F3-4BB0-9BB7-3481D97AC783}.Release|Any CPU.Build.0 = Release|Any CPU
		{C978B47B-F4EF-4425-A521-49B6E1112D05}.Debug|Any CPU.ActiveCfg = Debug|Any CPU
		{C978B47B-F4EF-4425-A521-49B6E1112D05}.Debug|Any CPU.Build.0 = Debug|Any CPU
		{C978B47B-F4EF-4425-A521-49B6E1112D05}.Release|Any CPU.ActiveCfg = Release|Any CPU
		{C978B47B-F4EF-4425-A521-49B6E1112D05}.Release|Any CPU.Build.0 = Release|Any CPU
	EndGlobalSection
	GlobalSection(SolutionProperties) = preSolution
		HideSolutionNode = FALSE
	EndGlobalSection
	GlobalSection(NestedProjects) = preSolution
		{9F652E07-52EC-4DD8-8F11-395BC761C02E} = {A8265AA0-DCDD-471A-A98E-40B5B79AEF03}
		{4E5FEF74-F2F3-4BB0-9BB7-3481D97AC783} = {A8265AA0-DCDD-471A-A98E-40B5B79AEF03}
		{C978B47B-F4EF-4425-A521-49B6E1112D05} = {7BC9073A-94BA-4ED4-87DB-DE60679CA7E2}
	EndGlobalSection
EndGlobal
